uid presence uid=* 0 NOT-INDEXED
uid presence UID=* 0 NOT-INDEXED
uid presence uId=* 0 NOT-INDEXED
uid presence UiD=* 0 NOT-INDEXED
uid exactMatch uid=jwallace 0 INDEXED
uid exactMatch (uid=jwallace) 0 INDEXED
uid exactMatch (&(uid=jwallace)) 0 INDEXED
uid exactMatch (|(uid=jwallace)) 0 INDEXED
uid exactMatch (&(&(uid=jwallace))) 0 INDEXED
uid exactMatch (&(|(uid=jwallace))) 0 INDEXED
uid exactMatch (|(&(uid=jwallace))) 0 INDEXED
uid exactMatch (|(|(uid=jwallace))) 0 INDEXED
uid exactMatch (|(|(uid=jwallace))) 0 INDEXED
uid subString uid=j* 0 INDEXED
uid subString (uid=j*) 0 INDEXED
uid subString uid=*allace 0 NOT-INDEXED
uid subString (uid=*allace) 0 NOT-INDEXED
uid subString (&(uid=*allace)) 0 NOT-INDEXED
uid subString (|(uid=*allace)) 0 NOT-INDEXED
uid subString (&(&(uid=*allace))) 0 NOT-INDEXED
uid subString (&(|(uid=*allace))) 0 NOT-INDEXED
uid subString (|(&(uid=*allace))) 0 NOT-INDEXED
uid subString (|(|(uid=*allace))) 0 NOT-INDEXED
uid subString uid=jw*ce 0 INDEXED
uid subString (uid=jw*ce) 0 INDEXED
uid approximate uid~=wallace 0 NOT-INDEXED
uid approximate uid~=jwalace 0 NOT-INDEXED
uid negate !(uid=jwallace) 0 NOT-INDEXED
uid negate (!(uid=jwallace)) 0 NOT-INDEXED
uid negate (!(&(uid=jwallace))) 0 NOT-INDEXED
uid negate (!(|(uid=jwallace))) 0 NOT-INDEXED
uid complexAnd (uid=j*&l=sunnyvale) 0 INDEXED
uid complexAnd &(uid=j*)(l=sunnyvale) 0 NOT-INDEXED
uid complexAnd (&(uid=j*)(l=~sunyvale)) 0 NOT-INDEXED
uid complexAnd (&(&(uid=j*)(l=~sunyvale))) 0 NOT-INDEXED
uid complexAnd (uid=j*&!l=cupertino) 0 INDEXED
uid complexAnd (uid=j*&l=sun*) 0 INDEXED
uid complexAnd (&(uid=j*)(l=sun*)) 0 INDEXED
uid complexOr (uid=jwallace|uid=jwalker) 0 INDEXED
uid complexOr (uid=jwallace|l=Sun*) 0 INDEXED
uid complexOr (uid=jwallace|l=~unnyvale) 0 INDEXED
uid complexOr (uid=jwallace|!l=Cupertino) 0 INDEXED
uid complexOr (uid=jwallace|!l=Cuper*) 0 INDEXED
uid complexOr (uid=j*|l=sunnyvale) 0 INDEXED
uid complexOr (uid=j*|!l=Cupertino) 0 INDEXED
uid complexOr (uid=j*|!l=Cuper*) 0 INDEXED
uid complexOr (uid=j*|!l~=Cuperino) 0 INDEXED
uid complexOr (uid=j*|l~=sunyvale) 0 INDEXED
uid complexOr (|(uid=j*)(l=sunnyvale)) 0 INDEXED
uid complexOr (|(&(uid=j*)(uid=*lace))) 0 INDEXED
sn presence sn=* 0 INDEXED
sn presence SN=* 0 INDEXED
sn presence sN=* 0 INDEXED
sn presence Sn=* 0 INDEXED
sn exactMatch sn=Bergin 0 INDEXED
sn exactMatch (sn=Bergin) 0 INDEXED
sn subString sn=Ber* 0 INDEXED
sn subString (sn=Ber*) 0 INDEXED
sn subString sn=*ergin 0 INDEXED
sn subString (sn=*ergin) 0 INDEXED
sn subString sn=*ergi* 0 INDEXED
sn subString (sn=*ergi*) 0 INDEXED
sn approximate sn~=begin 0 NOT-INDEXED
sn approximate (sn~=begin) 0 NOT-INDEXED
mail presence mail=* 0 INDEXED
mail presence Mail=* 0 INDEXED
mail presence MAIL=* 0 INDEXED
mail presence mAiL=* 0 INDEXED
mail exactMatch mail=kvaughan@example.com 0 INDEXED
mail exactMatch (mail=kvaughan@example.com) 0 INDEXED
#mail exactMatch ((mail=kvaughan@example.com)) 0 INDEXED
#mail exactMatch (((((((mail=kvaughan@example.com))))))) 0 INDEXED
mail subString mail=kvaughan* 0 INDEXED
mail subString (mail=kvaughan*) 0 INDEXED
mail subString mail=*aughan@example.com 0 INDEXED
mail subString (mail=*aughan@example.com) 0 INDEXED
mail subString mail=*aughan@example.* 0 INDEXED
ail subString (mail=*aughan@example.*) 0 INDEXED
givenName presence givenName=* 0 INDEXED
givenName presence (givenName=*) 0 INDEXED
givenName presence givenname=* 0 INDEXED
givenName presence (givenname=*) 0 INDEXED
givenName presence GIVENNAME=* 0 INDEXED
givenName presence (GIVENNAME=*) 0 INDEXED
givenName presence GivenName=* 0 INDEXED
givenName presence (GivenName=*) 0 INDEXED
givenName presence GiVeNnaMe=* 0 INDEXED
givenName presence (GiVeNnaMe=*) 0 INDEXED
givenName presence gIvEnNaMe=* 0 INDEXED
givenName presence (gIvEnNaMe=*) 0 INDEXED
givenName exactMatch givenName=kirsten 0 INDEXED
givenName exactMatch (givenName=kirsten) 0 INDEXED
givenName exactMatch givenName=Kirsten 0 INDEXED
givenName exactMatch (givenName=Kirsten) 0 INDEXED
givenName exactMatch givenname=kirsten 0 INDEXED
givenName exactMatch (givenname=kirsten) 0 INDEXED
givenName exactMatch givenname=KIRSTEN 0 INDEXED
givenName exactMatch (givenname=KIRSTEN) 0 INDEXED
givenName exactMatch GIVENNAME=kirsten 0 INDEXED
givenName exactMatch (GIVENNAME=kirsten) 0 INDEXED
givenName exactMatch GIVENNAME=KIRSTEN 0 INDEXED
givenName exactMatch (GIVENNAME=KIRSTEN) 0 INDEXED
givenName exactMatch gIvEnNaMe=kIrStEn 0 INDEXED
givenName exactMatch (gIvEnNaMe=kIrStEn) 0 INDEXED
givenName subString givenName=kirst* 0 INDEXED
givenName subString (givenName=kirst*) 0 INDEXED
givenName subString GivenName=kirst* 0 INDEXED
givenName subString (GivenName=kirst*) 0 INDEXED
givenName subString givenname=kirst* 0 INDEXED
givenName subString (givenname=kirst*) 0 INDEXED
givenName subString GIVENNAME=kirst* 0 INDEXED
givenName subString (GIVENNAME=kirst*) 0 INDEXED
givenName subString givenName=*rsten 0 INDEXED
givenName subString (givenName=*rsten) 0 INDEXED
givenName subString GivenName=*rsten 0 INDEXED
givenName subString (GivenName=*rsten) 0 INDEXED
givenName subString givenname=*rsten 0 INDEXED
givenName subString (givenname=*rsten) 0 INDEXED
givenName subString givenName=*rste* 0 INDEXED
givenName subString (givenName=*rste*) 0 INDEXED
givenName subString GivenName=*rste* 0 INDEXED
givenName subString (GivenName=*rste*) 0 INDEXED
givenName subString GIVENNAME=*rste* 0 INDEXED
givenName subString (GIVENNAME=*rste*) 0 INDEXED
cn presence cn=* 0 INDEXED
cn presence (cn=*) 0 INDEXED
cn presence CN=* 0 INDEXED
cn presence (CN=*) 0 INDEXED
cn presence Cn=* 0 INDEXED
cn presence (Cn=*) 0 INDEXED
cn subString cn=Andy* 0 INDEXED
cn subString (cn=Andy*) 0 INDEXED
cn subString cn=andy* 0 INDEXED
cn subString (cn=andy*) 0 INDEXED
cn subString CN=aNDY* 0 INDEXED
cn subString (CN=aNDY*) 0 INDEXED
cn subString cN=andy* 0 INDEXED
cn subString (cN=andy*) 0 INDEXED
cn subString cn=andy* 0 INDEXED
cn subString cn=*ergin 0 INDEXED
cn subString (cn=*ergin) 0 INDEXED
cn subString cn=*Bergin 0 INDEXED
cn subString (cn=*Bergin) 0 INDEXED
cn subString cN=*Bergin 0 INDEXED
cn subString (cN=*Bergin) 0 INDEXED
cn subString cn=*bERGIN 0 INDEXED
cn subString (cn=*bERGIN) 0 INDEXED
cn subString CN=*bERGIN 0 INDEXED
cn subString (CN=*bERGIN) 0 INDEXED
cn subString (CN=*bERGIN) 0 INDEXED
cn subString (cn=and*rgin) 0 INDEXED
cn subString (cn=aN*bErGiN) 0 INDEXED
telephoneNumber presence telephoneNumber=* 0 INDEXED
telephoneNumber presence (telephoneNumber=*) 0 INDEXED
telephoneNumber presence telephonenumber=* 0 INDEXED
telephoneNumber presence (telephonenumber=*) 0 INDEXED
telephoneNumber presence TelephoneNumber=* 0 INDEXED
telephoneNumber presence (TelephoneNumber=*) 0 INDEXED
telephoneNumber presence TELEPHONENUMBER=* 0 INDEXED
telephoneNumber presence (TELEPHONENUMBER=*) 0 INDEXED
telephoneNumber presence (&(TELEPHONENUMBER=*)) 0 INDEXED
telephoneNumber presence (|(TELEPHONENUMBER=*)) 0 INDEXED
telephoneNumber presence (&(&(TELEPHONENUMBER=*))) 0 INDEXED
telephoneNumber presence (|(|(TELEPHONENUMBER=*))) 0 INDEXED
telephoneNumber presence (&(|(TELEPHONENUMBER=*))) 0 INDEXED
telephoneNumber presence (|(&(TELEPHONENUMBER=*))) 0 INDEXED
telephoneNumber subString telephoneNumber=*8585 0 INDEXED
telephoneNumber subString (telephoneNumber=*8585) 0 INDEXED
telephoneNumber subString telephoneNumber=+1* 0 INDEXED
telephoneNumber subString (telephoneNumber=+1*) 0 INDEXED
telephoneNumber subString telephoneNumber=*408* 0 INDEXED
telephoneNumber subString (telephoneNumber=*408*) 0 INDEXED
telephoneNumber subString telephoneNumber=+1*8585 0 INDEXED
telephoneNumber subString (telephoneNumber=+1*8585) 0 INDEXED
telephoneNumber subString telephoneNumber=+1*08*8585 0 INDEXED
telephoneNumber subString (telephoneNumber=+1*08*8585) 0 INDEXED
telephoneNumber subString (&(telephoneNumber=+1*08*8585)) 0 INDEXED
telephoneNumber subString (|(telephoneNumber=+1*08*8585)) 0 INDEXED
telephoneNumber subString (&(&(telephoneNumber=+1*08*8585))) 0 INDEXED
telephoneNumber subString (&(|(telephoneNumber=+1*08*8585))) 0 INDEXED
telephoneNumber subString (|(&(telephoneNumber=+1*08*8585))) 0 INDEXED
telephoneNumber subString (|(|(|(|(|(|(|(telephoneNumber=+1*08*8585)))))))) 0 INDEXED
telephoneNumber subString (&(&(&(&(&(&(&(&(&(&(&(&(&(&(&(telephoneNumber=+1*08*8585)))))))))))))))) 0 INDEXED
telephoneNumber subString (&(|(&(|(&(|(&(|(&(|(&(|(&(|(&(|(telephoneNumber=+1*08*8585))))))))))))))))) 0 INDEXED
